// !$*UTF8*$!
{
	archiveVersion = 1;
	classes = {
	};
	objectVersion = 46;
	objects = {

/* Begin PBXBuildFile section */
		E62861581B76427700435528 /* AppDelegate.swift in Sources */ = {isa = PBXBuildFile; fileRef = E62861571B76427700435528 /* AppDelegate.swift */; };
		E628615A1B76427700435528 /* ViewController.swift in Sources */ = {isa = PBXBuildFile; fileRef = E62861591B76427700435528 /* ViewController.swift */; };
		E628615D1B76427700435528 /* Main.storyboard in Resources */ = {isa = PBXBuildFile; fileRef = E628615B1B76427700435528 /* Main.storyboard */; };
		E628615F1B76427700435528 /* Assets.xcassets in Resources */ = {isa = PBXBuildFile; fileRef = E628615E1B76427700435528 /* Assets.xcassets */; };
		E62861621B76427700435528 /* LaunchScreen.storyboard in Resources */ = {isa = PBXBuildFile; fileRef = E62861601B76427700435528 /* LaunchScreen.storyboard */; };
/* End PBXBuildFile section */

/* Begin PBXFileReference section */
		E62861541B76427700435528 /* Multipeer Connectivity.app */ = {isa = PBXFileReference; explicitFileType = wrapper.application; includeInIndex = 0; path = "Multipeer Connectivity.app"; sourceTree = BUILT_PRODUCTS_DIR; };
		E62861571B76427700435528 /* AppDelegate.swift */ = {isa = PBXFileReference; lastKnownFileType = sourcecode.swift; path = AppDelegate.swift; sourceTree = "<group>"; };
		E62861591B76427700435528 /* ViewController.swift */ = {isa = PBXFileReference; lastKnownFileType = sourcecode.swift; path = ViewController.swift; sourceTree = "<group>"; };
		E628615C1B76427700435528 /* Base */ = {isa = PBXFileReference; lastKnownFileType = file.storyboard; name = Base; path = Base.lproj/Main.storyboard; sourceTree = "<group>"; };
		E628615E1B76427700435528 /* Assets.xcassets */ = {isa = PBXFileReference; lastKnownFileType = folder.assetcatalog; path = Assets.xcassets; sourceTree = "<group>"; };
		E62861611B76427700435528 /* Base */ = {isa = PBXFileReference; lastKnownFileType = file.storyboard; name = Base; path = Base.lproj/LaunchScreen.storyboard; sourceTree = "<group>"; };
		E62861631B76427700435528 /* Info.plist */ = {isa = PBXFileReference; lastKnownFileType = text.plist.xml; path = Info.plist; sourceTree = "<group>"; };
/* End PBXFileReference section */

/* Begin PBXFrameworksBuildPhase section */
		E62861511B76427700435528 /* Frameworks */ = {
			isa = PBXFrameworksBuildPhase;
			buildActionMask = 2147483647;
			files = (
			);
			runOnlyForDeploymentPostprocessing = 0;
		};
/* End PBXFrameworksBuildPhase section */

/* Begin PBXGroup section */
		E628614B1B76427700435528 = {
			isa = PBXGroup;
			children = (
				E62861561B76427700435528 /* Multipeer Connectivity */,
				E62861551B76427700435528 /* Products */,
			);
			sourceTree = "<group>";
		};
		E62861551B76427700435528 /* Products */ = {
			isa = PBXGroup;
			children = (
				E62861541B76427700435528 /* Multipeer Connectivity.app */,
			);
			name = Products;
			sourceTree = "<group>";
		};
		E62861561B76427700435528 /* Multipeer Connectivity */ = {
			isa = PBXGroup;
			children = (
				E62861571B76427700435528 /* AppDelegate.swift */,
				E62861591B76427700435528 /* ViewController.swift */,
				E628615B1B76427700435528 /* Main.storyboard */,
				E628615E1B76427700435528 /* Assets.xcassets */,
				E62861601B76427700435528 /* LaunchScreen.storyboard */,
				E62861631B76427700435528 /* Info.plist */,
			);
			path = "Multipeer Connectivity";
			sourceTree = "<group>";
		};
/* End PBXGroup section */

/* Begin PBXNativeTarget section */
		E62861531B76427700435528 /* Multipeer Connectivity */ = {
			isa = PBXNativeTarget;
			buildConfigurationList = E62861661B76427700435528 /* Build configuration list for PBXNativeTarget "Multipeer Connectivity" */;
			buildPhases = (
				E62861501B76427700435528 /* Sources */,
				E62861511B76427700435528 /* Frameworks */,
				E62861521B76427700435528 /* Resources */,
			);
			buildRules = (
			);
			dependencies = (
			);
			name = "Multipeer Connectivity";
			productName = "Multipeer Connectivity";
			productReference = E62861541B76427700435528 /* Multipeer Connectivity.app */;
			productType = "com.apple.product-type.application";
		};
/* End PBXNativeTarget section */

/* Begin PBXProject section */
		E628614C1B76427700435528 /* Project object */ = {
			isa = PBXProject;
			attributes = {
				LastUpgradeCheck = 0700;
				ORGANIZATIONNAME = "Mac Bellingrath";
				TargetAttributes = {
					E62861531B76427700435528 = {
						CreatedOnToolsVersion = 7.0;
					};
				};
			};
			buildConfigurationList = E628614F1B76427700435528 /* Build configuration list for PBXProject "Multipeer Connectivity" */;
			compatibilityVersion = "Xcode 3.2";
			developmentRegion = English;
			hasScannedForEncodings = 0;
			knownRegions = (
				en,
				Base,
			);
			mainGroup = E628614B1B76427700435528;
			productRefGroup = E62861551B76427700435528 /* Products */;
			projectDirPath = "";
			projectRoot = "";
			targets = (
				E62861531B76427700435528 /* Multipeer Connectivity */,
			);
		};
/* End PBXProject section */

/* Begin PBXResourcesBuildPhase section */
		E62861521B76427700435528 /* Resources */ = {
			isa = PBXResourcesBuildPhase;
			buildActionMask = 2147483647;
			files = (
				E62861621B76427700435528 /* LaunchScreen.storyboard in Resources */,
				E628615F1B76427700435528 /* Assets.xcassets in Resources */,
				E628615D1B76427700435528 /* Main.storyboard in Resources */,
			);
			runOnlyForDeploymentPostprocessing = 0;
		};
/* End PBXResourcesBuildPhase section */

/* Begin PBXSourcesBuildPhase section */
		E62861501B76427700435528 /* Sources */ = {
			isa = PBXSourcesBuildPhase;
			buildActionMask = 2147483647;
			files = (
				E628615A1B76427700435528 /* ViewController.swift in Sources */,
				E62861581B76427700435528 /* AppDelegate.swift in Sources */,
			);
			runOnlyForDeploymentPostprocessing = 0;
		};
/* End PBXSourcesBuildPhase section */

/* Begin PBXVariantGroup section */
		E628615B1B76427700435528 /* Main.storyboard */ = {
			isa = PBXVariantGroup;
			children = (
				E628615C1B76427700435528 /* Base */,
			);
			name = Main.storyboard;
			sourceTree = "<group>";
		};
		E62861601B76427700435528 /* LaunchScreen.storyboard */ = {
			isa = PBXVariantGroup;
			children = (
				E62861611B76427700435528 /* Base */,
			);
			name = LaunchScreen.storyboard;
			sourceTree = "<group>";
		};
/* End PBXVariantGroup section */

/* Begin XCBuildConfiguration section */
		E62861641B76427700435528 /* Debug */ = {
			isa = XCBuildConfiguration;
			buildSettings = {
				ALWAYS_SEARCH_USER_PATHS = NO;
				CLANG_CXX_LANGUAGE_STANDARD = "gnu++0x";
				CLANG_CXX_LIBRARY = "libc++";
				CLANG_ENABLE_MODULES = YES;
				CLANG_ENABLE_OBJC_ARC = YES;
				CLANG_WARN_BOOL_CONVERSION = YES;
				CLANG_WARN_CONSTANT_CONVERSION = YES;
				CLANG_WARN_DIRECT_OBJC_ISA_USAGE = YES_ERROR;
				CLANG_WARN_EMPTY_BODY = YES;
				CLANG_WARN_ENUM_CONVERSION = YES;
				CLANG_WARN_INT_CONVERSION = YES;
				CLANG_WARN_OBJC_ROOT_CLASS = YES_ERROR;
				CLANG_WARN_UNREACHABLE_CODE = YES;
				CLANG_WARN__DUPLICATE_METHOD_MATCH = YES;
				"CODE_SIGN_IDENTITY[sdk=iphoneos*]" = "iPhone Developer";
				COPY_PHASE_STRIP = NO;
				DEBUG_INFORMATION_FORMAT = dwarf;
				ENABLE_STRICT_OBJC_MSGSEND = YES;
				ENABLE_TESTABILITY = YES;
				GCC_C_LANGUAGE_STANDARD = gnu99;
				GCC_DYNAMIC_NO_PIC = NO;
				GCC_NO_COMMON_BLOCKS = YES;
				GCC_OPTIMIZATION_LEVEL = 0;
				GCC_PREPROCESSOR_DEFINITIONS = (
					"DEBUG=1",
					"$(inherited)",
				);
				GCC_WARN_64_TO_32_BIT_CONVERSION = YES;
				GCC_WARN_ABOUT_RETURN_TYPE = YES_ERROR;
				GCC_WARN_UNDECLARED_SELECTOR = YES;
				GCC_WARN_UNINITIALIZED_AUTOS = YES_AGGRESSIVE;
				GCC_WARN_UNUSED_FUNCTION = YES;
				GCC_WARN_UNUSED_VARIABLE = YES;
				IPHONEOS_DEPLOYMENT_TARGET = 9.0;
				MTL_ENABLE_DEBUG_INFO = YES;
				ONLY_ACTIVE_ARCH = YES;
				SDKROOT = iphoneos;
				SWIFT_OPTIMIZATION_LEVEL = "-Onone";
			};
			name = Debug;
		};
		E62861651B76427700435528 /* Release */ = {
			isa = XCBuildConfiguration;
			buildSettings = {
				ALWAYS_SEARCH_USER_PATHS = NO;
				CLANG_CXX_LANGUAGE_STANDARD = "gnu++0x";
				CLANG_CXX_LIBRARY = "libc++";
				CLANG_ENABLE_MODULES = YES;
				CLANG_ENABLE_OBJC_ARC = YES;
				CLANG_WARN_BOOL_CONVERSION = YES;
				CLANG_WARN_CONSTANT_CONVERSION = YES;
				CLANG_WARN_DIRECT_OBJC_ISA_USAGE = YES_ERROR;
				CLANG_WARN_EMPTY_BODY = YES;
				CLANG_WARN_ENUM_CONVERSION = YES;
				CLANG_WARN_INT_CONVERSION = YES;
				CLANG_WARN_OBJC_ROOT_CLASS = YES_ERROR;
				CLANG_WARN_UNREACHABLE_CODE = YES;
				CLANG_WARN__DUPLICATE_METHOD_MATCH = YES;
				"CODE_SIGN_IDENTITY[sdk=iphoneos*]" = "iPhone Developer";
				COPY_PHASE_STRIP = NO;
				DEBUG_INFORMATION_FORMAT = "dwarf-with-dsym";
				ENABLE_NS_ASSERTIONS = NO;
				ENABLE_STRICT_OBJC_MSGSEND = YES;
				GCC_C_LANGUAGE_STANDARD = gnu99;
				GCC_NO_COMMON_BLOCKS = YES;
				GCC_WARN_64_TO_32_BIT_CONVERSION = YES;
				GCC_WARN_ABOUT_RETURN_TYPE = YES_ERROR;
				GCC_WARN_UNDECLARED_SELECTOR = YES;
				GCC_WARN_UNINITIALIZED_AUTOS = YES_AGGRESSIVE;
				GCC_WARN_UNUSED_FUNCTION = YES;
				GCC_WARN_UNUSED_VARIABLE = YES;
				IPHONEOS_DEPLOYMENT_TARGET = 9.0;
				MTL_ENABLE_DEBUG_INFO = NO;
				SDKROOT = iphoneos;
				VALIDATE_PRODUCT = YES;
			};
			name = Release;
		};
		E62861671B76427700435528 /* Debug */ = {
			isa = XCBuildConfiguration;
			buildSettings = {
				ASSETCATALOG_COMPILER_APPICON_NAME = AppIcon;
				INFOPLIST_FILE = "Multipeer Connectivity/Info.plist";
				LD_RUNPATH_SEARCH_PATHS = "$(inherited) @executable_path/Frameworks";
				PRODUCT_BUNDLE_IDENTIFIER = "com.example.Multipeer-Connectivity";
				PRODUCT_NAME = "$(TARGET_NAME)";
			};
			name = Debug;
		};
		E62861681B76427700435528 /* Release */ = {
			isa = XCBuildConfiguration;
			buildSettings = {
				ASSETCATALOG_COMPILER_APPICON_NAME = AppIcon;
				INFOPLIST_FILE = "Multipeer Connectivity/Info.plist";
				LD_RUNPATH_SEARCH_PATHS = "$(inherited) @executable_path/Frameworks";
				PRODUCT_BUNDLE_IDENTIFIER = "com.example.Multipeer-Connectivity";
				PRODUCT_NAME = "$(TARGET_NAME)";
			};
			name = Release;
		};
/* End XCBuildConfiguration section */

/* Begin XCConfigurationList section */
		E628614F1B76427700435528 /* Build configuration list for PBXProject "Multipeer Connectivity" */ = {
			isa = XCConfigurationList;
			buildConfigurations = (
				E62861641B76427700435528 /* Debug */,
				E62861651B76427700435528 /* Release */,
			);
			defaultConfigurationIsVisible = 0;
			defaultConfigurationName = Release;
		};
		E62861661B76427700435528 /* Build configuration list for PBXNativeTarget "Multipeer Connectivity" */ = {
			isa = XCConfigurationList;
			buildConfigurations = (
				E62861671B76427700435528 /* Debug */,
				E62861681B76427700435528 /* Release */,
			);
			defaultConfigurationIsVisible = 0;
		};
/* End XCConfigurationList section */
	};
	rootObject = E628614C1B76427700435528 /* Project object */;
}
